{
  "name": "ts",
  "version": "1.0.0",
  "lockfileVersion": 3,
  "requires": true,
  "packages": {
    "": {
      "name": "ts",
      "version": "1.0.0",
      "license": "ISC",
      "dependencies": {
        "hono": "^3.12.9"
      }
    },
    "node_modules/hono": {
      "version": "3.12.9",
      "resolved": "https://registry.npmjs.org/hono/-/hono-3.12.9.tgz",
      "integrity": "sha512-JhurtI3+VspowZoP3dv6BylhUPIpTWNRlBsVfb5UbI/tmMGqd6RpeexGO7RjnrSG9Vqwb1ydKp7HHTTcYJU5Zw==",
      "engines": {
        "node": ">=16.0.0"
      }
    }
  }
}
